
Microsoft Visual Studio Solution File, Format Version 11.00
# Visual Studio 2010
Project("{8BC9CEB8-8B4A-11D0-8D11-00A0C91BC942}") = "libIME", "libIME\libIME.vcxproj", "{5BB824BB-2835-4D47-ACFC-292467D571A1}"
EndProject
Project("{8BC9CEB8-8B4A-11D0-8D11-00A0C91BC942}") = "ChewingTextService", "ChewingTextService\ChewingTextService.vcxproj", "{C2843899-A670-4753-B79D-776A42F7BC77}"
	ProjectSection(ProjectDependencies) = postProject
		{5BB824BB-2835-4D47-ACFC-292467D571A1} = {5BB824BB-2835-4D47-ACFC-292467D571A1}
	EndProjectSection
EndProject
Global
	GlobalSection(SolutionConfigurationPlatforms) = preSolution
		Debug|Win32 = Debug|Win32
		Debug|x64 = Debug|x64
		Release|Win32 = Release|Win32
		Release|x64 = Release|x64
	EndGlobalSection
	GlobalSection(ProjectConfigurationPlatforms) = postSolution
		{5BB824BB-2835-4D47-ACFC-292467D571A1}.Debug|Win32.ActiveCfg = Debug|Win32
		{5BB824BB-2835-4D47-ACFC-292467D571A1}.Debug|Win32.Build.0 = Debug|Win32
		{5BB824BB-2835-4D47-ACFC-292467D571A1}.Debug|x64.ActiveCfg = Debug|x64
		{5BB824BB-2835-4D47-ACFC-292467D571A1}.Debug|x64.Build.0 = Debug|x64
		{5BB824BB-2835-4D47-ACFC-292467D571A1}.Release|Win32.ActiveCfg = Release|Win32
		{5BB824BB-2835-4D47-ACFC-292467D571A1}.Release|Win32.Build.0 = Release|Win32
		{5BB824BB-2835-4D47-ACFC-292467D571A1}.Release|x64.ActiveCfg = Release|x64
		{5BB824BB-2835-4D47-ACFC-292467D571A1}.Release|x64.Build.0 = Release|x64
		{C2843899-A670-4753-B79D-776A42F7BC77}.Debug|Win32.ActiveCfg = Debug|Win32
		{C2843899-A670-4753-B79D-776A42F7BC77}.Debug|Win32.Build.0 = Debug|Win32
		{C2843899-A670-4753-B79D-776A42F7BC77}.Debug|x64.ActiveCfg = Debug|x64
		{C2843899-A670-4753-B79D-776A42F7BC77}.Debug|x64.Build.0 = Debug|x64
		{C2843899-A670-4753-B79D-776A42F7BC77}.Release|Win32.ActiveCfg = Release|Win32
		{C2843899-A670-4753-B79D-776A42F7BC77}.Release|Win32.Build.0 = Release|Win32
		{C2843899-A670-4753-B79D-776A42F7BC77}.Release|x64.ActiveCfg = Release|x64
		{C2843899-A670-4753-B79D-776A42F7BC77}.Release|x64.Build.0 = Release|x64
	EndGlobalSection
	GlobalSection(SolutionProperties) = preSolution
		HideSolutionNode = FALSE
	EndGlobalSection
EndGlobal
