{
  "name": "nime-server",
  "version": "0.2.0",
  "lockfileVersion": 3,
  "requires": true,
  "packages": {
    "": {
      "name": "nime-server",
      "version": "0.2.0",
      "license": "MIT",
      "dependencies": {
        "debug": "^2.6.9",
        "nime": "0.5.0",
        "nime-server": "file:"
      },
      "engines": {
        "node": "6.10.2"
      }
    },
    "node_modules/debug": {
      "version": "2.6.9",
      "resolved": "https://registry.npmjs.org/debug/-/debug-2.6.9.tgz",
      "integrity": "sha512-bC7ElrdJaJnPbAP+1EotYvqZsb3ecl5wi6Bfi6BJTUcNowp6cvspg0jXznRTKDjm/E7AdgFBVeAPVMNcKGsHMA==",
      "license": "MIT",
      "dependencies": {
        "ms": "2.0.0"
      }
    },
    "node_modules/ms": {
      "version": "2.0.0",
      "resolved": "https://registry.npmjs.org/ms/-/ms-2.0.0.tgz",
      "integrity": "sha512-Tpp60P6IUJDTuOq/5Z8cdskzJujfwqfOTkrwIwj7IRISpnkJnT6SyJ4PCPnGMoFjC9ddhal5KVIYtAt97ix05A==",
      "license": "MIT"
    },
    "node_modules/nime": {
      "version": "0.5.0",
      "resolved": "https://registry.npmjs.org/nime/-/nime-0.5.0.tgz",
      "license": "MIT",
      "dependencies": {
        "debug": "^2.2.0",
        "stdio": "^0.2.7"
      },
      "engines": {
        "node": ">=6"
      }
    },
    "node_modules/nime-server": {
      "resolved": "",
      "link": true
    },
    "node_modules/stdio": {
      "version": "0.2.7",
      "resolved": "https://registry.npmjs.org/stdio/-/stdio-0.2.7.tgz",
      "license": "MIT",
      "engines": {
        "node": "*"
      }
    }
  }
}
