# THIS IS AN AUTOGENERATED FILE. DO NOT EDIT THIS FILE DIRECTLY.
# yarn lockfile v1


debug@^2.2.0:
  version "2.3.3"
  resolved "https://registry.yarnpkg.com/debug/-/debug-2.3.3.tgz#40c453e67e6e13c901ddec317af8986cda9eff8c"
  dependencies:
    ms "0.7.2"

ms@0.7.2:
  version "0.7.2"
  resolved "https://registry.yarnpkg.com/ms/-/ms-0.7.2.tgz#ae25cf2512b3885a1d95d7f037868d8431124765"

nime@0.5.0:
  version "0.5.0"
  resolved "https://registry.yarnpkg.com/nime/-/nime-0.5.0.tgz#72d6d880f333e6cfeeaee61fbce0e4089d94b251"
  dependencies:
    debug "^2.2.0"
    stdio "^0.2.7"

stdio@^0.2.7:
  version "0.2.7"
  resolved "https://registry.yarnpkg.com/stdio/-/stdio-0.2.7.tgz#a1c57da10fe1cfaa0c3bf683c9d0743d1b660839"
